// !$*UTF8*$!
{
	archiveVersion = 1;
	classes = {
	};
	objectVersion = 48;
	objects = {

/* Begin PBXBuildFile section */
		FC1CA0FC1F75243C00C9E816 /* AppDelegate.swift in Sources */ = {isa = PBXBuildFile; fileRef = FC1CA0FB1F75243C00C9E816 /* AppDelegate.swift */; };
		FC1CA0FE1F75243C00C9E816 /* ViewController.swift in Sources */ = {isa = PBXBuildFile; fileRef = FC1CA0FD1F75243C00C9E816 /* ViewController.swift */; };
		FC1CA1011F75243C00C9E816 /* Main.storyboard in Resources */ = {isa = PBXBuildFile; fileRef = FC1CA0FF1F75243C00C9E816 /* Main.storyboard */; };
		FC1CA1031F75243C00C9E816 /* Assets.xcassets in Resources */ = {isa = PBXBuildFile; fileRef = FC1CA1021F75243C00C9E816 /* Assets.xcassets */; };
		FC1CA1061F75243C00C9E816 /* LaunchScreen.storyboard in Resources */ = {isa = PBXBuildFile; fileRef = FC1CA1041F75243C00C9E816 /* LaunchScreen.storyboard */; };
		FC1CA1111F75243C00C9E816 /* NSDataDetector_POCTests.swift in Sources */ = {isa = PBXBuildFile; fileRef = FC1CA1101F75243C00C9E816 /* NSDataDetector_POCTests.swift */; };
		FC1CA11C1F75243C00C9E816 /* NSDataDetector_POCUITests.swift in Sources */ = {isa = PBXBuildFile; fileRef = FC1CA11B1F75243C00C9E816 /* NSDataDetector_POCUITests.swift */; };
		FC1CA1641F7538B200C9E816 /* info in Resources */ = {isa = PBXBuildFile; fileRef = FC1CA1631F7538B200C9E816 /* info */; };
/* End PBXBuildFile section */

/* Begin PBXContainerItemProxy section */
		FC1CA10D1F75243C00C9E816 /* PBXContainerItemProxy */ = {
			isa = PBXContainerItemProxy;
			containerPortal = FC1CA0F01F75243C00C9E816 /* Project object */;
			proxyType = 1;
			remoteGlobalIDString = FC1CA0F71F75243C00C9E816;
			remoteInfo = NSDataDetector_POC;
		};
		FC1CA1181F75243C00C9E816 /* PBXContainerItemProxy */ = {
			isa = PBXContainerItemProxy;
			containerPortal = FC1CA0F01F75243C00C9E816 /* Project object */;
			proxyType = 1;
			remoteGlobalIDString = FC1CA0F71F75243C00C9E816;
			remoteInfo = NSDataDetector_POC;
		};
/* End PBXContainerItemProxy section */

/* Begin PBXFileReference section */
		FC1CA0F81F75243C00C9E816 /* NSDataDetector_POC.app */ = {isa = PBXFileReference; explicitFileType = wrapper.application; includeInIndex = 0; path = NSDataDetector_POC.app; sourceTree = BUILT_PRODUCTS_DIR; };
		FC1CA0FB1F75243C00C9E816 /* AppDelegate.swift */ = {isa = PBXFileReference; lastKnownFileType = sourcecode.swift; path = AppDelegate.swift; sourceTree = "<group>"; };
		FC1CA0FD1F75243C00C9E816 /* ViewController.swift */ = {isa = PBXFileReference; lastKnownFileType = sourcecode.swift; path = ViewController.swift; sourceTree = "<group>"; };
		FC1CA1001F75243C00C9E816 /* Base */ = {isa = PBXFileReference; lastKnownFileType = file.storyboard; name = Base; path = Base.lproj/Main.storyboard; sourceTree = "<group>"; };
		FC1CA1021F75243C00C9E816 /* Assets.xcassets */ = {isa = PBXFileReference; lastKnownFileType = folder.assetcatalog; path = Assets.xcassets; sourceTree = "<group>"; };
		FC1CA1051F75243C00C9E816 /* Base */ = {isa = PBXFileReference; lastKnownFileType = file.storyboard; name = Base; path = Base.lproj/LaunchScreen.storyboard; sourceTree = "<group>"; };
		FC1CA1071F75243C00C9E816 /* Info.plist */ = {isa = PBXFileReference; lastKnownFileType = text.plist.xml; path = Info.plist; sourceTree = "<group>"; };
		FC1CA10C1F75243C00C9E816 /* NSDataDetector_POCTests.xctest */ = {isa = PBXFileReference; explicitFileType = wrapper.cfbundle; includeInIndex = 0; path = NSDataDetector_POCTests.xctest; sourceTree = BUILT_PRODUCTS_DIR; };
		FC1CA1101F75243C00C9E816 /* NSDataDetector_POCTests.swift */ = {isa = PBXFileReference; lastKnownFileType = sourcecode.swift; path = NSDataDetector_POCTests.swift; sourceTree = "<group>"; };
		FC1CA1121F75243C00C9E816 /* Info.plist */ = {isa = PBXFileReference; lastKnownFileType = text.plist.xml; path = Info.plist; sourceTree = "<group>"; };
		FC1CA1171F75243C00C9E816 /* NSDataDetector_POCUITests.xctest */ = {isa = PBXFileReference; explicitFileType = wrapper.cfbundle; includeInIndex = 0; path = NSDataDetector_POCUITests.xctest; sourceTree = BUILT_PRODUCTS_DIR; };
		FC1CA11B1F75243C00C9E816 /* NSDataDetector_POCUITests.swift */ = {isa = PBXFileReference; lastKnownFileType = sourcecode.swift; path = NSDataDetector_POCUITests.swift; sourceTree = "<group>"; };
		FC1CA11D1F75243C00C9E816 /* Info.plist */ = {isa = PBXFileReference; lastKnownFileType = text.plist.xml; path = Info.plist; sourceTree = "<group>"; };
		FC1CA1631F7538B200C9E816 /* info */ = {isa = PBXFileReference; lastKnownFileType = text; path = info; sourceTree = "<group>"; };
/* End PBXFileReference section */

/* Begin PBXFrameworksBuildPhase section */
		FC1CA0F51F75243C00C9E816 /* Frameworks */ = {
			isa = PBXFrameworksBuildPhase;
			buildActionMask = 2147483647;
			files = (
			);
			runOnlyForDeploymentPostprocessing = 0;
		};
		FC1CA1091F75243C00C9E816 /* Frameworks */ = {
			isa = PBXFrameworksBuildPhase;
			buildActionMask = 2147483647;
			files = (
			);
			runOnlyForDeploymentPostprocessing = 0;
		};
		FC1CA1141F75243C00C9E816 /* Frameworks */ = {
			isa = PBXFrameworksBuildPhase;
			buildActionMask = 2147483647;
			files = (
			);
			runOnlyForDeploymentPostprocessing = 0;
		};
/* End PBXFrameworksBuildPhase section */

/* Begin PBXGroup section */
		FC1CA0EF1F75243C00C9E816 = {
			isa = PBXGroup;
			children = (
				FC1CA0FA1F75243C00C9E816 /* NSDataDetector_POC */,
				FC1CA10F1F75243C00C9E816 /* NSDataDetector_POCTests */,
				FC1CA11A1F75243C00C9E816 /* NSDataDetector_POCUITests */,
				FC1CA0F91F75243C00C9E816 /* Products */,
			);
			sourceTree = "<group>";
		};
		FC1CA0F91F75243C00C9E816 /* Products */ = {
			isa = PBXGroup;
			children = (
				FC1CA0F81F75243C00C9E816 /* NSDataDetector_POC.app */,
				FC1CA10C1F75243C00C9E816 /* NSDataDetector_POCTests.xctest */,
				FC1CA1171F75243C00C9E816 /* NSDataDetector_POCUITests.xctest */,
			);
			name = Products;
			sourceTree = "<group>";
		};
		FC1CA0FA1F75243C00C9E816 /* NSDataDetector_POC */ = {
			isa = PBXGroup;
			children = (
				FC1CA1631F7538B200C9E816 /* info */,
				FC1CA0FB1F75243C00C9E816 /* AppDelegate.swift */,
				FC1CA0FD1F75243C00C9E816 /* ViewController.swift */,
				FC1CA0FF1F75243C00C9E816 /* Main.storyboard */,
				FC1CA1021F75243C00C9E816 /* Assets.xcassets */,
				FC1CA1041F75243C00C9E816 /* LaunchScreen.storyboard */,
				FC1CA1071F75243C00C9E816 /* Info.plist */,
			);
			path = NSDataDetector_POC;
			sourceTree = "<group>";
		};
		FC1CA10F1F75243C00C9E816 /* NSDataDetector_POCTests */ = {
			isa = PBXGroup;
			children = (
				FC1CA1101F75243C00C9E816 /* NSDataDetector_POCTests.swift */,
				FC1CA1121F75243C00C9E816 /* Info.plist */,
			);
			path = NSDataDetector_POCTests;
			sourceTree = "<group>";
		};
		FC1CA11A1F75243C00C9E816 /* NSDataDetector_POCUITests */ = {
			isa = PBXGroup;
			children = (
				FC1CA11B1F75243C00C9E816 /* NSDataDetector_POCUITests.swift */,
				FC1CA11D1F75243C00C9E816 /* Info.plist */,
			);
			path = NSDataDetector_POCUITests;
			sourceTree = "<group>";
		};
/* End PBXGroup section */

/* Begin PBXNativeTarget section */
		FC1CA0F71F75243C00C9E816 /* NSDataDetector_POC */ = {
			isa = PBXNativeTarget;
			buildConfigurationList = FC1CA1201F75243C00C9E816 /* Build configuration list for PBXNativeTarget "NSDataDetector_POC" */;
			buildPhases = (
				FC1CA0F41F75243C00C9E816 /* Sources */,
				FC1CA0F51F75243C00C9E816 /* Frameworks */,
				FC1CA0F61F75243C00C9E816 /* Resources */,
			);
			buildRules = (
			);
			dependencies = (
			);
			name = NSDataDetector_POC;
			productName = NSDataDetector_POC;
			productReference = FC1CA0F81F75243C00C9E816 /* NSDataDetector_POC.app */;
			productType = "com.apple.product-type.application";
		};
		FC1CA10B1F75243C00C9E816 /* NSDataDetector_POCTests */ = {
			isa = PBXNativeTarget;
			buildConfigurationList = FC1CA1231F75243C00C9E816 /* Build configuration list for PBXNativeTarget "NSDataDetector_POCTests" */;
			buildPhases = (
				FC1CA1081F75243C00C9E816 /* Sources */,
				FC1CA1091F75243C00C9E816 /* Frameworks */,
				FC1CA10A1F75243C00C9E816 /* Resources */,
			);
			buildRules = (
			);
			dependencies = (
				FC1CA10E1F75243C00C9E816 /* PBXTargetDependency */,
			);
			name = NSDataDetector_POCTests;
			productName = NSDataDetector_POCTests;
			productReference = FC1CA10C1F75243C00C9E816 /* NSDataDetector_POCTests.xctest */;
			productType = "com.apple.product-type.bundle.unit-test";
		};
		FC1CA1161F75243C00C9E816 /* NSDataDetector_POCUITests */ = {
			isa = PBXNativeTarget;
			buildConfigurationList = FC1CA1261F75243C00C9E816 /* Build configuration list for PBXNativeTarget "NSDataDetector_POCUITests" */;
			buildPhases = (
				FC1CA1131F75243C00C9E816 /* Sources */,
				FC1CA1141F75243C00C9E816 /* Frameworks */,
				FC1CA1151F75243C00C9E816 /* Resources */,
			);
			buildRules = (
			);
			dependencies = (
				FC1CA1191F75243C00C9E816 /* PBXTargetDependency */,
			);
			name = NSDataDetector_POCUITests;
			productName = NSDataDetector_POCUITests;
			productReference = FC1CA1171F75243C00C9E816 /* NSDataDetector_POCUITests.xctest */;
			productType = "com.apple.product-type.bundle.ui-testing";
		};
/* End PBXNativeTarget section */

/* Begin PBXProject section */
		FC1CA0F01F75243C00C9E816 /* Project object */ = {
			isa = PBXProject;
			attributes = {
				LastSwiftUpdateCheck = 0900;
				LastUpgradeCheck = 0900;
				ORGANIZATIONNAME = Umesh;
				TargetAttributes = {
					FC1CA0F71F75243C00C9E816 = {
						CreatedOnToolsVersion = 9.0;
						ProvisioningStyle = Automatic;
					};
					FC1CA10B1F75243C00C9E816 = {
						CreatedOnToolsVersion = 9.0;
						ProvisioningStyle = Automatic;
						TestTargetID = FC1CA0F71F75243C00C9E816;
					};
					FC1CA1161F75243C00C9E816 = {
						CreatedOnToolsVersion = 9.0;
						ProvisioningStyle = Automatic;
						TestTargetID = FC1CA0F71F75243C00C9E816;
					};
				};
			};
			buildConfigurationList = FC1CA0F31F75243C00C9E816 /* Build configuration list for PBXProject "NSDataDetector_POC" */;
			compatibilityVersion = "Xcode 8.0";
			developmentRegion = en;
			hasScannedForEncodings = 0;
			knownRegions = (
				en,
				Base,
			);
			mainGroup = FC1CA0EF1F75243C00C9E816;
			productRefGroup = FC1CA0F91F75243C00C9E816 /* Products */;
			projectDirPath = "";
			projectRoot = "";
			targets = (
				FC1CA0F71F75243C00C9E816 /* NSDataDetector_POC */,
				FC1CA10B1F75243C00C9E816 /* NSDataDetector_POCTests */,
				FC1CA1161F75243C00C9E816 /* NSDataDetector_POCUITests */,
			);
		};
/* End PBXProject section */

/* Begin PBXResourcesBuildPhase section */
		FC1CA0F61F75243C00C9E816 /* Resources */ = {
			isa = PBXResourcesBuildPhase;
			buildActionMask = 2147483647;
			files = (
				FC1CA1641F7538B200C9E816 /* info in Resources */,
				FC1CA1061F75243C00C9E816 /* LaunchScreen.storyboard in Resources */,
				FC1CA1031F75243C00C9E816 /* Assets.xcassets in Resources */,
				FC1CA1011F75243C00C9E816 /* Main.storyboard in Resources */,
			);
			runOnlyForDeploymentPostprocessing = 0;
		};
		FC1CA10A1F75243C00C9E816 /* Resources */ = {
			isa = PBXResourcesBuildPhase;
			buildActionMask = 2147483647;
			files = (
			);
			runOnlyForDeploymentPostprocessing = 0;
		};
		FC1CA1151F75243C00C9E816 /* Resources */ = {
			isa = PBXResourcesBuildPhase;
			buildActionMask = 2147483647;
			files = (
			);
			runOnlyForDeploymentPostprocessing = 0;
		};
/* End PBXResourcesBuildPhase section */

/* Begin PBXSourcesBuildPhase section */
		FC1CA0F41F75243C00C9E816 /* Sources */ = {
			isa = PBXSourcesBuildPhase;
			buildActionMask = 2147483647;
			files = (
				FC1CA0FE1F75243C00C9E816 /* ViewController.swift in Sources */,
				FC1CA0FC1F75243C00C9E816 /* AppDelegate.swift in Sources */,
			);
			runOnlyForDeploymentPostprocessing = 0;
		};
		FC1CA1081F75243C00C9E816 /* Sources */ = {
			isa = PBXSourcesBuildPhase;
			buildActionMask = 2147483647;
			files = (
				FC1CA1111F75243C00C9E816 /* NSDataDetector_POCTests.swift in Sources */,
			);
			runOnlyForDeploymentPostprocessing = 0;
		};
		FC1CA1131F75243C00C9E816 /* Sources */ = {
			isa = PBXSourcesBuildPhase;
			buildActionMask = 2147483647;
			files = (
				FC1CA11C1F75243C00C9E816 /* NSDataDetector_POCUITests.swift in Sources */,
			);
			runOnlyForDeploymentPostprocessing = 0;
		};
/* End PBXSourcesBuildPhase section */

/* Begin PBXTargetDependency section */
		FC1CA10E1F75243C00C9E816 /* PBXTargetDependency */ = {
			isa = PBXTargetDependency;
			target = FC1CA0F71F75243C00C9E816 /* NSDataDetector_POC */;
			targetProxy = FC1CA10D1F75243C00C9E816 /* PBXContainerItemProxy */;
		};
		FC1CA1191F75243C00C9E816 /* PBXTargetDependency */ = {
			isa = PBXTargetDependency;
			target = FC1CA0F71F75243C00C9E816 /* NSDataDetector_POC */;
			targetProxy = FC1CA1181F75243C00C9E816 /* PBXContainerItemProxy */;
		};
/* End PBXTargetDependency section */

/* Begin PBXVariantGroup section */
		FC1CA0FF1F75243C00C9E816 /* Main.storyboard */ = {
			isa = PBXVariantGroup;
			children = (
				FC1CA1001F75243C00C9E816 /* Base */,
			);
			name = Main.storyboard;
			sourceTree = "<group>";
		};
		FC1CA1041F75243C00C9E816 /* LaunchScreen.storyboard */ = {
			isa = PBXVariantGroup;
			children = (
				FC1CA1051F75243C00C9E816 /* Base */,
			);
			name = LaunchScreen.storyboard;
			sourceTree = "<group>";
		};
/* End PBXVariantGroup section */

/* Begin XCBuildConfiguration section */
		FC1CA11E1F75243C00C9E816 /* Debug */ = {
			isa = XCBuildConfiguration;
			buildSettings = {
				ALWAYS_SEARCH_USER_PATHS = NO;
				CLANG_ANALYZER_NONNULL = YES;
				CLANG_ANALYZER_NUMBER_OBJECT_CONVERSION = YES_AGGRESSIVE;
				CLANG_CXX_LANGUAGE_STANDARD = "gnu++14";
				CLANG_CXX_LIBRARY = "libc++";
				CLANG_ENABLE_MODULES = YES;
				CLANG_ENABLE_OBJC_ARC = YES;
				CLANG_WARN_BLOCK_CAPTURE_AUTORELEASING = YES;
				CLANG_WARN_BOOL_CONVERSION = YES;
				CLANG_WARN_COMMA = YES;
				CLANG_WARN_CONSTANT_CONVERSION = YES;
				CLANG_WARN_DIRECT_OBJC_ISA_USAGE = YES_ERROR;
				CLANG_WARN_DOCUMENTATION_COMMENTS = YES;
				CLANG_WARN_EMPTY_BODY = YES;
				CLANG_WARN_ENUM_CONVERSION = YES;
				CLANG_WARN_INFINITE_RECURSION = YES;
				CLANG_WARN_INT_CONVERSION = YES;
				CLANG_WARN_NON_LITERAL_NULL_CONVERSION = YES;
				CLANG_WARN_OBJC_LITERAL_CONVERSION = YES;
				CLANG_WARN_OBJC_ROOT_CLASS = YES_ERROR;
				CLANG_WARN_RANGE_LOOP_ANALYSIS = YES;
				CLANG_WARN_STRICT_PROTOTYPES = YES;
				CLANG_WARN_SUSPICIOUS_MOVE = YES;
				CLANG_WARN_UNGUARDED_AVAILABILITY = YES_AGGRESSIVE;
				CLANG_WARN_UNREACHABLE_CODE = YES;
				CLANG_WARN__DUPLICATE_METHOD_MATCH = YES;
				CODE_SIGN_IDENTITY = "iPhone Developer";
				COPY_PHASE_STRIP = NO;
				DEBUG_INFORMATION_FORMAT = dwarf;
				ENABLE_STRICT_OBJC_MSGSEND = YES;
				ENABLE_TESTABILITY = YES;
				GCC_C_LANGUAGE_STANDARD = gnu11;
				GCC_DYNAMIC_NO_PIC = NO;
				GCC_NO_COMMON_BLOCKS = YES;
				GCC_OPTIMIZATION_LEVEL = 0;
				GCC_PREPROCESSOR_DEFINITIONS = (
					"DEBUG=1",
					"$(inherited)",
				);
				GCC_WARN_64_TO_32_BIT_CONVERSION = YES;
				GCC_WARN_ABOUT_RETURN_TYPE = YES_ERROR;
				GCC_WARN_UNDECLARED_SELECTOR = YES;
				GCC_WARN_UNINITIALIZED_AUTOS = YES_AGGRESSIVE;
				GCC_WARN_UNUSED_FUNCTION = YES;
				GCC_WARN_UNUSED_VARIABLE = YES;
				IPHONEOS_DEPLOYMENT_TARGET = 11.0;
				MTL_ENABLE_DEBUG_INFO = YES;
				ONLY_ACTIVE_ARCH = YES;
				SDKROOT = iphoneos;
				SWIFT_ACTIVE_COMPILATION_CONDITIONS = DEBUG;
				SWIFT_OPTIMIZATION_LEVEL = "-Onone";
			};
			name = Debug;
		};
		FC1CA11F1F75243C00C9E816 /* Release */ = {
			isa = XCBuildConfiguration;
			buildSettings = {
				ALWAYS_SEARCH_USER_PATHS = NO;
				CLANG_ANALYZER_NONNULL = YES;
				CLANG_ANALYZER_NUMBER_OBJECT_CONVERSION = YES_AGGRESSIVE;
				CLANG_CXX_LANGUAGE_STANDARD = "gnu++14";
				CLANG_CXX_LIBRARY = "libc++";
				CLANG_ENABLE_MODULES = YES;
				CLANG_ENABLE_OBJC_ARC = YES;
				CLANG_WARN_BLOCK_CAPTURE_AUTORELEASING = YES;
				CLANG_WARN_BOOL_CONVERSION = YES;
				CLANG_WARN_COMMA = YES;
				CLANG_WARN_CONSTANT_CONVERSION = YES;
				CLANG_WARN_DIRECT_OBJC_ISA_USAGE = YES_ERROR;
				CLANG_WARN_DOCUMENTATION_COMMENTS = YES;
				CLANG_WARN_EMPTY_BODY = YES;
				CLANG_WARN_ENUM_CONVERSION = YES;
				CLANG_WARN_INFINITE_RECURSION = YES;
				CLANG_WARN_INT_CONVERSION = YES;
				CLANG_WARN_NON_LITERAL_NULL_CONVERSION = YES;
				CLANG_WARN_OBJC_LITERAL_CONVERSION = YES;
				CLANG_WARN_OBJC_ROOT_CLASS = YES_ERROR;
				CLANG_WARN_RANGE_LOOP_ANALYSIS = YES;
				CLANG_WARN_STRICT_PROTOTYPES = YES;
				CLANG_WARN_SUSPICIOUS_MOVE = YES;
				CLANG_WARN_UNGUARDED_AVAILABILITY = YES_AGGRESSIVE;
				CLANG_WARN_UNREACHABLE_CODE = YES;
				CLANG_WARN__DUPLICATE_METHOD_MATCH = YES;
				CODE_SIGN_IDENTITY = "iPhone Developer";
				COPY_PHASE_STRIP = NO;
				DEBUG_INFORMATION_FORMAT = "dwarf-with-dsym";
				ENABLE_NS_ASSERTIONS = NO;
				ENABLE_STRICT_OBJC_MSGSEND = YES;
				GCC_C_LANGUAGE_STANDARD = gnu11;
				GCC_NO_COMMON_BLOCKS = YES;
				GCC_WARN_64_TO_32_BIT_CONVERSION = YES;
				GCC_WARN_ABOUT_RETURN_TYPE = YES_ERROR;
				GCC_WARN_UNDECLARED_SELECTOR = YES;
				GCC_WARN_UNINITIALIZED_AUTOS = YES_AGGRESSIVE;
				GCC_WARN_UNUSED_FUNCTION = YES;
				GCC_WARN_UNUSED_VARIABLE = YES;
				IPHONEOS_DEPLOYMENT_TARGET = 11.0;
				MTL_ENABLE_DEBUG_INFO = NO;
				SDKROOT = iphoneos;
				SWIFT_OPTIMIZATION_LEVEL = "-Owholemodule";
				VALIDATE_PRODUCT = YES;
			};
			name = Release;
		};
		FC1CA1211F75243C00C9E816 /* Debug */ = {
			isa = XCBuildConfiguration;
			buildSettings = {
				ASSETCATALOG_COMPILER_APPICON_NAME = AppIcon;
				CODE_SIGN_STYLE = Automatic;
				DEVELOPMENT_TEAM = L463J7GSRR;
				INFOPLIST_FILE = NSDataDetector_POC/Info.plist;
				LD_RUNPATH_SEARCH_PATHS = "$(inherited) @executable_path/Frameworks";
				PRODUCT_BUNDLE_IDENTIFIER = "com.sonora.NSDataDetector-POC";
				PRODUCT_NAME = "$(TARGET_NAME)";
				SWIFT_VERSION = 4.0;
				TARGETED_DEVICE_FAMILY = "1,2";
			};
			name = Debug;
		};
		FC1CA1221F75243C00C9E816 /* Release */ = {
			isa = XCBuildConfiguration;
			buildSettings = {
				ASSETCATALOG_COMPILER_APPICON_NAME = AppIcon;
				CODE_SIGN_STYLE = Automatic;
				DEVELOPMENT_TEAM = L463J7GSRR;
				INFOPLIST_FILE = NSDataDetector_POC/Info.plist;
				LD_RUNPATH_SEARCH_PATHS = "$(inherited) @executable_path/Frameworks";
				PRODUCT_BUNDLE_IDENTIFIER = "com.sonora.NSDataDetector-POC";
				PRODUCT_NAME = "$(TARGET_NAME)";
				SWIFT_VERSION = 4.0;
				TARGETED_DEVICE_FAMILY = "1,2";
			};
			name = Release;
		};
		FC1CA1241F75243C00C9E816 /* Debug */ = {
			isa = XCBuildConfiguration;
			buildSettings = {
				ALWAYS_EMBED_SWIFT_STANDARD_LIBRARIES = YES;
				BUNDLE_LOADER = "$(TEST_HOST)";
				CODE_SIGN_STYLE = Automatic;
				DEVELOPMENT_TEAM = L463J7GSRR;
				INFOPLIST_FILE = NSDataDetector_POCTests/Info.plist;
				LD_RUNPATH_SEARCH_PATHS = "$(inherited) @executable_path/Frameworks @loader_path/Frameworks";
				PRODUCT_BUNDLE_IDENTIFIER = "com.sonora.NSDataDetector-POCTests";
				PRODUCT_NAME = "$(TARGET_NAME)";
				SWIFT_VERSION = 4.0;
				TARGETED_DEVICE_FAMILY = "1,2";
				TEST_HOST = "$(BUILT_PRODUCTS_DIR)/NSDataDetector_POC.app/NSDataDetector_POC";
			};
			name = Debug;
		};
		FC1CA1251F75243C00C9E816 /* Release */ = {
			isa = XCBuildConfiguration;
			buildSettings = {
				ALWAYS_EMBED_SWIFT_STANDARD_LIBRARIES = YES;
				BUNDLE_LOADER = "$(TEST_HOST)";
				CODE_SIGN_STYLE = Automatic;
				DEVELOPMENT_TEAM = L463J7GSRR;
				INFOPLIST_FILE = NSDataDetector_POCTests/Info.plist;
				LD_RUNPATH_SEARCH_PATHS = "$(inherited) @executable_path/Frameworks @loader_path/Frameworks";
				PRODUCT_BUNDLE_IDENTIFIER = "com.sonora.NSDataDetector-POCTests";
				PRODUCT_NAME = "$(TARGET_NAME)";
				SWIFT_VERSION = 4.0;
				TARGETED_DEVICE_FAMILY = "1,2";
				TEST_HOST = "$(BUILT_PRODUCTS_DIR)/NSDataDetector_POC.app/NSDataDetector_POC";
			};
			name = Release;
		};
		FC1CA1271F75243C00C9E816 /* Debug */ = {
			isa = XCBuildConfiguration;
			buildSettings = {
				ALWAYS_EMBED_SWIFT_STANDARD_LIBRARIES = YES;
				CODE_SIGN_STYLE = Automatic;
				DEVELOPMENT_TEAM = L463J7GSRR;
				INFOPLIST_FILE = NSDataDetector_POCUITests/Info.plist;
				LD_RUNPATH_SEARCH_PATHS = "$(inherited) @executable_path/Frameworks @loader_path/Frameworks";
				PRODUCT_BUNDLE_IDENTIFIER = "com.sonora.NSDataDetector-POCUITests";
				PRODUCT_NAME = "$(TARGET_NAME)";
				SWIFT_VERSION = 4.0;
				TARGETED_DEVICE_FAMILY = "1,2";
				TEST_TARGET_NAME = NSDataDetector_POC;
			};
			name = Debug;
		};
		FC1CA1281F75243C00C9E816 /* Release */ = {
			isa = XCBuildConfiguration;
			buildSettings = {
				ALWAYS_EMBED_SWIFT_STANDARD_LIBRARIES = YES;
				CODE_SIGN_STYLE = Automatic;
				DEVELOPMENT_TEAM = L463J7GSRR;
				INFOPLIST_FILE = NSDataDetector_POCUITests/Info.plist;
				LD_RUNPATH_SEARCH_PATHS = "$(inherited) @executable_path/Frameworks @loader_path/Frameworks";
				PRODUCT_BUNDLE_IDENTIFIER = "com.sonora.NSDataDetector-POCUITests";
				PRODUCT_NAME = "$(TARGET_NAME)";
				SWIFT_VERSION = 4.0;
				TARGETED_DEVICE_FAMILY = "1,2";
				TEST_TARGET_NAME = NSDataDetector_POC;
			};
			name = Release;
		};
/* End XCBuildConfiguration section */

/* Begin XCConfigurationList section */
		FC1CA0F31F75243C00C9E816 /* Build configuration list for PBXProject "NSDataDetector_POC" */ = {
			isa = XCConfigurationList;
			buildConfigurations = (
				FC1CA11E1F75243C00C9E816 /* Debug */,
				FC1CA11F1F75243C00C9E816 /* Release */,
			);
			defaultConfigurationIsVisible = 0;
			defaultConfigurationName = Release;
		};
		FC1CA1201F75243C00C9E816 /* Build configuration list for PBXNativeTarget "NSDataDetector_POC" */ = {
			isa = XCConfigurationList;
			buildConfigurations = (
				FC1CA1211F75243C00C9E816 /* Debug */,
				FC1CA1221F75243C00C9E816 /* Release */,
			);
			defaultConfigurationIsVisible = 0;
			defaultConfigurationName = Release;
		};
		FC1CA1231F75243C00C9E816 /* Build configuration list for PBXNativeTarget "NSDataDetector_POCTests" */ = {
			isa = XCConfigurationList;
			buildConfigurations = (
				FC1CA1241F75243C00C9E816 /* Debug */,
				FC1CA1251F75243C00C9E816 /* Release */,
			);
			defaultConfigurationIsVisible = 0;
			defaultConfigurationName = Release;
		};
		FC1CA1261F75243C00C9E816 /* Build configuration list for PBXNativeTarget "NSDataDetector_POCUITests" */ = {
			isa = XCConfigurationList;
			buildConfigurations = (
				FC1CA1271F75243C00C9E816 /* Debug */,
				FC1CA1281F75243C00C9E816 /* Release */,
			);
			defaultConfigurationIsVisible = 0;
			defaultConfigurationName = Release;
		};
/* End XCConfigurationList section */
	};
	rootObject = FC1CA0F01F75243C00C9E816 /* Project object */;
}
